// !$*UTF8*$!
{
	archiveVersion = 1;
	classes = {
	};
	objectVersion = 56;
	objects = {

/* Begin PBXBuildFile section */
		FB13A8C72BAA00C70086365F /* semana_tecApp.swift in Sources */ = {isa = PBXBuildFile; fileRef = FB13A8C62BAA00C70086365F /* semana_tecApp.swift */; };
		FB13A8C92BAA00C70086365F /* ProjectListView.swift in Sources */ = {isa = PBXBuildFile; fileRef = FB13A8C82BAA00C70086365F /* ProjectListView.swift */; };
		FB13A8CB2BAA00CA0086365F /* Assets.xcassets in Resources */ = {isa = PBXBuildFile; fileRef = FB13A8CA2BAA00CA0086365F /* Assets.xcassets */; };
		FB13A8CE2BAA00CA0086365F /* Preview Assets.xcassets in Resources */ = {isa = PBXBuildFile; fileRef = FB13A8CD2BAA00CA0086365F /* Preview Assets.xcassets */; };
		FB6A69C32BAB497F004BC08B /* Project.swift in Sources */ = {isa = PBXBuildFile; fileRef = FB6A69C22BAB497F004BC08B /* Project.swift */; };
		FB9ECE742BACA7A7006FBEEE /* ExpenseData.json in Resources */ = {isa = PBXBuildFile; fileRef = FB9ECE732BACA7A7006FBEEE /* ExpenseData.json */; };
		FB9ECE762BACA7CF006FBEEE /* ExpenseViewModel.swift in Sources */ = {isa = PBXBuildFile; fileRef = FB9ECE752BACA7CF006FBEEE /* ExpenseViewModel.swift */; };
		FBBA2ED12BAB4A92001455B1 /* ProjectViewModel.swift in Sources */ = {isa = PBXBuildFile; fileRef = FBBA2ED02BAB4A92001455B1 /* ProjectViewModel.swift */; };
		FBBA2ED32BAB4CDA001455B1 /* ProjectData.json in Resources */ = {isa = PBXBuildFile; fileRef = FBBA2ED22BAB4CDA001455B1 /* ProjectData.json */; };
		FBBA2EDB2BAC8AE3001455B1 /* ProjectRow.swift in Sources */ = {isa = PBXBuildFile; fileRef = FBBA2EDA2BAC8AE3001455B1 /* ProjectRow.swift */; };
		FBBA2EDD2BAC8C09001455B1 /* ProjectDetail.swift in Sources */ = {isa = PBXBuildFile; fileRef = FBBA2EDC2BAC8C09001455B1 /* ProjectDetail.swift */; };
		FBBA2EE02BAC8CF0001455B1 /* Person.swift in Sources */ = {isa = PBXBuildFile; fileRef = FBBA2EDF2BAC8CF0001455B1 /* Person.swift */; };
		FBBA2EE22BAC8DF9001455B1 /* PersonData.json in Resources */ = {isa = PBXBuildFile; fileRef = FBBA2EE12BAC8DF9001455B1 /* PersonData.json */; };
		FBBA2EE42BAC8EDB001455B1 /* PersonViewModel.swift in Sources */ = {isa = PBXBuildFile; fileRef = FBBA2EE32BAC8EDB001455B1 /* PersonViewModel.swift */; };
		FBBA2EE82BAC9F96001455B1 /* ExpensesView.swift in Sources */ = {isa = PBXBuildFile; fileRef = FBBA2EE72BAC9F96001455B1 /* ExpensesView.swift */; };
		FBBA2EEA2BAC9FA0001455B1 /* PeopleView.swift in Sources */ = {isa = PBXBuildFile; fileRef = FBBA2EE92BAC9FA0001455B1 /* PeopleView.swift */; };
		FBBA2EED2BACA09F001455B1 /* Expense.swift in Sources */ = {isa = PBXBuildFile; fileRef = FBBA2EEC2BACA09F001455B1 /* Expense.swift */; };
		FBBA2EF02BACACBC001455B1 /* SwiftUICharts in Frameworks */ = {isa = PBXBuildFile; productRef = FBBA2EEF2BACACBC001455B1 /* SwiftUICharts */; };
/* End PBXBuildFile section */

/* Begin PBXFileReference section */
		FB13A8C32BAA00C70086365F /* semana-tec.app */ = {isa = PBXFileReference; explicitFileType = wrapper.application; includeInIndex = 0; path = "semana-tec.app"; sourceTree = BUILT_PRODUCTS_DIR; };
		FB13A8C62BAA00C70086365F /* semana_tecApp.swift */ = {isa = PBXFileReference; lastKnownFileType = sourcecode.swift; path = semana_tecApp.swift; sourceTree = "<group>"; };
		FB13A8C82BAA00C70086365F /* ProjectListView.swift */ = {isa = PBXFileReference; lastKnownFileType = sourcecode.swift; path = ProjectListView.swift; sourceTree = "<group>"; };
		FB13A8CA2BAA00CA0086365F /* Assets.xcassets */ = {isa = PBXFileReference; lastKnownFileType = folder.assetcatalog; path = Assets.xcassets; sourceTree = "<group>"; };
		FB13A8CD2BAA00CA0086365F /* Preview Assets.xcassets */ = {isa = PBXFileReference; lastKnownFileType = folder.assetcatalog; path = "Preview Assets.xcassets"; sourceTree = "<group>"; };
		FB6A69C22BAB497F004BC08B /* Project.swift */ = {isa = PBXFileReference; lastKnownFileType = sourcecode.swift; path = Project.swift; sourceTree = "<group>"; };
		FB9ECE732BACA7A7006FBEEE /* ExpenseData.json */ = {isa = PBXFileReference; lastKnownFileType = text.json; path = ExpenseData.json; sourceTree = "<group>"; };
		FB9ECE752BACA7CF006FBEEE /* ExpenseViewModel.swift */ = {isa = PBXFileReference; lastKnownFileType = sourcecode.swift; path = ExpenseViewModel.swift; sourceTree = "<group>"; };
		FBBA2ED02BAB4A92001455B1 /* ProjectViewModel.swift */ = {isa = PBXFileReference; lastKnownFileType = sourcecode.swift; path = ProjectViewModel.swift; sourceTree = "<group>"; };
		FBBA2ED22BAB4CDA001455B1 /* ProjectData.json */ = {isa = PBXFileReference; lastKnownFileType = text.json; path = ProjectData.json; sourceTree = "<group>"; };
		FBBA2EDA2BAC8AE3001455B1 /* ProjectRow.swift */ = {isa = PBXFileReference; lastKnownFileType = sourcecode.swift; path = ProjectRow.swift; sourceTree = "<group>"; };
		FBBA2EDC2BAC8C09001455B1 /* ProjectDetail.swift */ = {isa = PBXFileReference; lastKnownFileType = sourcecode.swift; path = ProjectDetail.swift; sourceTree = "<group>"; };
		FBBA2EDF2BAC8CF0001455B1 /* Person.swift */ = {isa = PBXFileReference; lastKnownFileType = sourcecode.swift; path = Person.swift; sourceTree = "<group>"; };
		FBBA2EE12BAC8DF9001455B1 /* PersonData.json */ = {isa = PBXFileReference; lastKnownFileType = text.json; path = PersonData.json; sourceTree = "<group>"; };
		FBBA2EE32BAC8EDB001455B1 /* PersonViewModel.swift */ = {isa = PBXFileReference; lastKnownFileType = sourcecode.swift; path = PersonViewModel.swift; sourceTree = "<group>"; };
		FBBA2EE72BAC9F96001455B1 /* ExpensesView.swift */ = {isa = PBXFileReference; lastKnownFileType = sourcecode.swift; path = ExpensesView.swift; sourceTree = "<group>"; };
		FBBA2EE92BAC9FA0001455B1 /* PeopleView.swift */ = {isa = PBXFileReference; lastKnownFileType = sourcecode.swift; path = PeopleView.swift; sourceTree = "<group>"; };
		FBBA2EEC2BACA09F001455B1 /* Expense.swift */ = {isa = PBXFileReference; lastKnownFileType = sourcecode.swift; path = Expense.swift; sourceTree = "<group>"; };
/* End PBXFileReference section */

/* Begin PBXFrameworksBuildPhase section */
		FB13A8C02BAA00C70086365F /* Frameworks */ = {
			isa = PBXFrameworksBuildPhase;
			buildActionMask = 2147483647;
			files = (
				FBBA2EF02BACACBC001455B1 /* SwiftUICharts in Frameworks */,
			);
			runOnlyForDeploymentPostprocessing = 0;
		};
/* End PBXFrameworksBuildPhase section */

/* Begin PBXGroup section */
		FB13A8BA2BAA00C70086365F = {
			isa = PBXGroup;
			children = (
				FB13A8C52BAA00C70086365F /* semana-tec */,
				FB13A8C42BAA00C70086365F /* Products */,
			);
			sourceTree = "<group>";
		};
		FB13A8C42BAA00C70086365F /* Products */ = {
			isa = PBXGroup;
			children = (
				FB13A8C32BAA00C70086365F /* semana-tec.app */,
			);
			name = Products;
			sourceTree = "<group>";
		};
		FB13A8C52BAA00C70086365F /* semana-tec */ = {
			isa = PBXGroup;
			children = (
				FBBA2ED62BAB5FAA001455B1 /* Views */,
				FB6A69C12BAB496C004BC08B /* Model */,
				FB13A8C62BAA00C70086365F /* semana_tecApp.swift */,
				FB13A8C82BAA00C70086365F /* ProjectListView.swift */,
				FB13A8CA2BAA00CA0086365F /* Assets.xcassets */,
				FB13A8CC2BAA00CA0086365F /* Preview Content */,
			);
			path = "semana-tec";
			sourceTree = "<group>";
		};
		FB13A8CC2BAA00CA0086365F /* Preview Content */ = {
			isa = PBXGroup;
			children = (
				FB13A8CD2BAA00CA0086365F /* Preview Assets.xcassets */,
			);
			path = "Preview Content";
			sourceTree = "<group>";
		};
		FB6A69C12BAB496C004BC08B /* Model */ = {
			isa = PBXGroup;
			children = (
				FBBA2EEB2BACA08C001455B1 /* Expense */,
				FBBA2EDE2BAC8CDE001455B1 /* Person */,
				FBBA2ECF2BAB4A82001455B1 /* Project */,
			);
			path = Model;
			sourceTree = "<group>";
		};
		FBBA2ECF2BAB4A82001455B1 /* Project */ = {
			isa = PBXGroup;
			children = (
				FB6A69C22BAB497F004BC08B /* Project.swift */,
				FBBA2ED02BAB4A92001455B1 /* ProjectViewModel.swift */,
				FBBA2ED22BAB4CDA001455B1 /* ProjectData.json */,
			);
			path = Project;
			sourceTree = "<group>";
		};
		FBBA2ED62BAB5FAA001455B1 /* Views */ = {
			isa = PBXGroup;
			children = (
				FBBA2EDA2BAC8AE3001455B1 /* ProjectRow.swift */,
				FBBA2EDC2BAC8C09001455B1 /* ProjectDetail.swift */,
				FBBA2EE72BAC9F96001455B1 /* ExpensesView.swift */,
				FBBA2EE92BAC9FA0001455B1 /* PeopleView.swift */,
			);
			path = Views;
			sourceTree = "<group>";
		};
		FBBA2EDE2BAC8CDE001455B1 /* Person */ = {
			isa = PBXGroup;
			children = (
				FBBA2EDF2BAC8CF0001455B1 /* Person.swift */,
				FBBA2EE12BAC8DF9001455B1 /* PersonData.json */,
				FBBA2EE32BAC8EDB001455B1 /* PersonViewModel.swift */,
			);
			path = Person;
			sourceTree = "<group>";
		};
		FBBA2EEB2BACA08C001455B1 /* Expense */ = {
			isa = PBXGroup;
			children = (
				FBBA2EEC2BACA09F001455B1 /* Expense.swift */,
				FB9ECE732BACA7A7006FBEEE /* ExpenseData.json */,
				FB9ECE752BACA7CF006FBEEE /* ExpenseViewModel.swift */,
			);
			path = Expense;
			sourceTree = "<group>";
		};
/* End PBXGroup section */

/* Begin PBXNativeTarget section */
		FB13A8C22BAA00C70086365F /* semana-tec */ = {
			isa = PBXNativeTarget;
			buildConfigurationList = FB13A8D12BAA00CA0086365F /* Build configuration list for PBXNativeTarget "semana-tec" */;
			buildPhases = (
				FB13A8BF2BAA00C70086365F /* Sources */,
				FB13A8C02BAA00C70086365F /* Frameworks */,
				FB13A8C12BAA00C70086365F /* Resources */,
			);
			buildRules = (
			);
			dependencies = (
			);
			name = "semana-tec";
			packageProductDependencies = (
				FBBA2EEF2BACACBC001455B1 /* SwiftUICharts */,
			);
			productName = "semana-tec";
			productReference = FB13A8C32BAA00C70086365F /* semana-tec.app */;
			productType = "com.apple.product-type.application";
		};
/* End PBXNativeTarget section */

/* Begin PBXProject section */
		FB13A8BB2BAA00C70086365F /* Project object */ = {
			isa = PBXProject;
			attributes = {
				BuildIndependentTargetsInParallel = 1;
				LastSwiftUpdateCheck = 1520;
				LastUpgradeCheck = 1520;
				TargetAttributes = {
					FB13A8C22BAA00C70086365F = {
						CreatedOnToolsVersion = 15.2;
					};
				};
			};
			buildConfigurationList = FB13A8BE2BAA00C70086365F /* Build configuration list for PBXProject "semana-tec" */;
			compatibilityVersion = "Xcode 14.0";
			developmentRegion = en;
			hasScannedForEncodings = 0;
			knownRegions = (
				en,
				Base,
			);
			mainGroup = FB13A8BA2BAA00C70086365F;
			packageReferences = (
				FBBA2EEE2BACACBC001455B1 /* XCRemoteSwiftPackageReference "ChartView" */,
			);
			productRefGroup = FB13A8C42BAA00C70086365F /* Products */;
			projectDirPath = "";
			projectRoot = "";
			targets = (
				FB13A8C22BAA00C70086365F /* semana-tec */,
			);
		};
/* End PBXProject section */

/* Begin PBXResourcesBuildPhase section */
		FB13A8C12BAA00C70086365F /* Resources */ = {
			isa = PBXResourcesBuildPhase;
			buildActionMask = 2147483647;
			files = (
				FBBA2EE22BAC8DF9001455B1 /* PersonData.json in Resources */,
				FB13A8CE2BAA00CA0086365F /* Preview Assets.xcassets in Resources */,
				FB9ECE742BACA7A7006FBEEE /* ExpenseData.json in Resources */,
				FB13A8CB2BAA00CA0086365F /* Assets.xcassets in Resources */,
				FBBA2ED32BAB4CDA001455B1 /* ProjectData.json in Resources */,
			);
			runOnlyForDeploymentPostprocessing = 0;
		};
/* End PBXResourcesBuildPhase section */

/* Begin PBXSourcesBuildPhase section */
		FB13A8BF2BAA00C70086365F /* Sources */ = {
			isa = PBXSourcesBuildPhase;
			buildActionMask = 2147483647;
			files = (
				FBBA2EED2BACA09F001455B1 /* Expense.swift in Sources */,
				FB9ECE762BACA7CF006FBEEE /* ExpenseViewModel.swift in Sources */,
				FBBA2EDB2BAC8AE3001455B1 /* ProjectRow.swift in Sources */,
				FBBA2EEA2BAC9FA0001455B1 /* PeopleView.swift in Sources */,
				FBBA2ED12BAB4A92001455B1 /* ProjectViewModel.swift in Sources */,
				FBBA2EE42BAC8EDB001455B1 /* PersonViewModel.swift in Sources */,
				FBBA2EDD2BAC8C09001455B1 /* ProjectDetail.swift in Sources */,
				FB13A8C92BAA00C70086365F /* ProjectListView.swift in Sources */,
				FB13A8C72BAA00C70086365F /* semana_tecApp.swift in Sources */,
				FBBA2EE02BAC8CF0001455B1 /* Person.swift in Sources */,
				FBBA2EE82BAC9F96001455B1 /* ExpensesView.swift in Sources */,
				FB6A69C32BAB497F004BC08B /* Project.swift in Sources */,
			);
			runOnlyForDeploymentPostprocessing = 0;
		};
/* End PBXSourcesBuildPhase section */

/* Begin XCBuildConfiguration section */
		FB13A8CF2BAA00CA0086365F /* Debug */ = {
			isa = XCBuildConfiguration;
			buildSettings = {
				ALWAYS_SEARCH_USER_PATHS = NO;
				ASSETCATALOG_COMPILER_GENERATE_SWIFT_ASSET_SYMBOL_EXTENSIONS = YES;
				CLANG_ANALYZER_NONNULL = YES;
				CLANG_ANALYZER_NUMBER_OBJECT_CONVERSION = YES_AGGRESSIVE;
				CLANG_CXX_LANGUAGE_STANDARD = "gnu++20";
				CLANG_ENABLE_MODULES = YES;
				CLANG_ENABLE_OBJC_ARC = YES;
				CLANG_ENABLE_OBJC_WEAK = YES;
				CLANG_WARN_BLOCK_CAPTURE_AUTORELEASING = YES;
				CLANG_WARN_BOOL_CONVERSION = YES;
				CLANG_WARN_COMMA = YES;
				CLANG_WARN_CONSTANT_CONVERSION = YES;
				CLANG_WARN_DEPRECATED_OBJC_IMPLEMENTATIONS = YES;
				CLANG_WARN_DIRECT_OBJC_ISA_USAGE = YES_ERROR;
				CLANG_WARN_DOCUMENTATION_COMMENTS = YES;
				CLANG_WARN_EMPTY_BODY = YES;
				CLANG_WARN_ENUM_CONVERSION = YES;
				CLANG_WARN_INFINITE_RECURSION = YES;
				CLANG_WARN_INT_CONVERSION = YES;
				CLANG_WARN_NON_LITERAL_NULL_CONVERSION = YES;
				CLANG_WARN_OBJC_IMPLICIT_RETAIN_SELF = YES;
				CLANG_WARN_OBJC_LITERAL_CONVERSION = YES;
				CLANG_WARN_OBJC_ROOT_CLASS = YES_ERROR;
				CLANG_WARN_QUOTED_INCLUDE_IN_FRAMEWORK_HEADER = YES;
				CLANG_WARN_RANGE_LOOP_ANALYSIS = YES;
				CLANG_WARN_STRICT_PROTOTYPES = YES;
				CLANG_WARN_SUSPICIOUS_MOVE = YES;
				CLANG_WARN_UNGUARDED_AVAILABILITY = YES_AGGRESSIVE;
				CLANG_WARN_UNREACHABLE_CODE = YES;
				CLANG_WARN__DUPLICATE_METHOD_MATCH = YES;
				COPY_PHASE_STRIP = NO;
				DEBUG_INFORMATION_FORMAT = dwarf;
				ENABLE_STRICT_OBJC_MSGSEND = YES;
				ENABLE_TESTABILITY = YES;
				ENABLE_USER_SCRIPT_SANDBOXING = YES;
				GCC_C_LANGUAGE_STANDARD = gnu17;
				GCC_DYNAMIC_NO_PIC = NO;
				GCC_NO_COMMON_BLOCKS = YES;
				GCC_OPTIMIZATION_LEVEL = 0;
				GCC_PREPROCESSOR_DEFINITIONS = (
					"DEBUG=1",
					"$(inherited)",
				);
				GCC_WARN_64_TO_32_BIT_CONVERSION = YES;
				GCC_WARN_ABOUT_RETURN_TYPE = YES_ERROR;
				GCC_WARN_UNDECLARED_SELECTOR = YES;
				GCC_WARN_UNINITIALIZED_AUTOS = YES_AGGRESSIVE;
				GCC_WARN_UNUSED_FUNCTION = YES;
				GCC_WARN_UNUSED_VARIABLE = YES;
				IPHONEOS_DEPLOYMENT_TARGET = 17.2;
				LOCALIZATION_PREFERS_STRING_CATALOGS = YES;
				MTL_ENABLE_DEBUG_INFO = INCLUDE_SOURCE;
				MTL_FAST_MATH = YES;
				ONLY_ACTIVE_ARCH = YES;
				SDKROOT = iphoneos;
				SWIFT_ACTIVE_COMPILATION_CONDITIONS = "DEBUG $(inherited)";
				SWIFT_OPTIMIZATION_LEVEL = "-Onone";
			};
			name = Debug;
		};
		FB13A8D02BAA00CA0086365F /* Release */ = {
			isa = XCBuildConfiguration;
			buildSettings = {
				ALWAYS_SEARCH_USER_PATHS = NO;
				ASSETCATALOG_COMPILER_GENERATE_SWIFT_ASSET_SYMBOL_EXTENSIONS = YES;
				CLANG_ANALYZER_NONNULL = YES;
				CLANG_ANALYZER_NUMBER_OBJECT_CONVERSION = YES_AGGRESSIVE;
				CLANG_CXX_LANGUAGE_STANDARD = "gnu++20";
				CLANG_ENABLE_MODULES = YES;
				CLANG_ENABLE_OBJC_ARC = YES;
				CLANG_ENABLE_OBJC_WEAK = YES;
				CLANG_WARN_BLOCK_CAPTURE_AUTORELEASING = YES;
				CLANG_WARN_BOOL_CONVERSION = YES;
				CLANG_WARN_COMMA = YES;
				CLANG_WARN_CONSTANT_CONVERSION = YES;
				CLANG_WARN_DEPRECATED_OBJC_IMPLEMENTATIONS = YES;
				CLANG_WARN_DIRECT_OBJC_ISA_USAGE = YES_ERROR;
				CLANG_WARN_DOCUMENTATION_COMMENTS = YES;
				CLANG_WARN_EMPTY_BODY = YES;
				CLANG_WARN_ENUM_CONVERSION = YES;
				CLANG_WARN_INFINITE_RECURSION = YES;
				CLANG_WARN_INT_CONVERSION = YES;
				CLANG_WARN_NON_LITERAL_NULL_CONVERSION = YES;
				CLANG_WARN_OBJC_IMPLICIT_RETAIN_SELF = YES;
				CLANG_WARN_OBJC_LITERAL_CONVERSION = YES;
				CLANG_WARN_OBJC_ROOT_CLASS = YES_ERROR;
				CLANG_WARN_QUOTED_INCLUDE_IN_FRAMEWORK_HEADER = YES;
				CLANG_WARN_RANGE_LOOP_ANALYSIS = YES;
				CLANG_WARN_STRICT_PROTOTYPES = YES;
				CLANG_WARN_SUSPICIOUS_MOVE = YES;
				CLANG_WARN_UNGUARDED_AVAILABILITY = YES_AGGRESSIVE;
				CLANG_WARN_UNREACHABLE_CODE = YES;
				CLANG_WARN__DUPLICATE_METHOD_MATCH = YES;
				COPY_PHASE_STRIP = NO;
				DEBUG_INFORMATION_FORMAT = "dwarf-with-dsym";
				ENABLE_NS_ASSERTIONS = NO;
				ENABLE_STRICT_OBJC_MSGSEND = YES;
				ENABLE_USER_SCRIPT_SANDBOXING = YES;
				GCC_C_LANGUAGE_STANDARD = gnu17;
				GCC_NO_COMMON_BLOCKS = YES;
				GCC_WARN_64_TO_32_BIT_CONVERSION = YES;
				GCC_WARN_ABOUT_RETURN_TYPE = YES_ERROR;
				GCC_WARN_UNDECLARED_SELECTOR = YES;
				GCC_WARN_UNINITIALIZED_AUTOS = YES_AGGRESSIVE;
				GCC_WARN_UNUSED_FUNCTION = YES;
				GCC_WARN_UNUSED_VARIABLE = YES;
				IPHONEOS_DEPLOYMENT_TARGET = 17.2;
				LOCALIZATION_PREFERS_STRING_CATALOGS = YES;
				MTL_ENABLE_DEBUG_INFO = NO;
				MTL_FAST_MATH = YES;
				SDKROOT = iphoneos;
				SWIFT_COMPILATION_MODE = wholemodule;
				VALIDATE_PRODUCT = YES;
			};
			name = Release;
		};
		FB13A8D22BAA00CA0086365F /* Debug */ = {
			isa = XCBuildConfiguration;
			buildSettings = {
				ASSETCATALOG_COMPILER_APPICON_NAME = AppIcon;
				ASSETCATALOG_COMPILER_GLOBAL_ACCENT_COLOR_NAME = AccentColor;
				CODE_SIGN_STYLE = Automatic;
				CURRENT_PROJECT_VERSION = 1;
				DEVELOPMENT_ASSET_PATHS = "\"semana-tec/Preview Content\"";
				ENABLE_PREVIEWS = YES;
				GENERATE_INFOPLIST_FILE = YES;
				INFOPLIST_KEY_UIApplicationSceneManifest_Generation = YES;
				INFOPLIST_KEY_UIApplicationSupportsIndirectInputEvents = YES;
				INFOPLIST_KEY_UILaunchScreen_Generation = YES;
				INFOPLIST_KEY_UISupportedInterfaceOrientations_iPad = "UIInterfaceOrientationPortrait UIInterfaceOrientationPortraitUpsideDown UIInterfaceOrientationLandscapeLeft UIInterfaceOrientationLandscapeRight";
				INFOPLIST_KEY_UISupportedInterfaceOrientations_iPhone = "UIInterfaceOrientationPortrait UIInterfaceOrientationLandscapeLeft UIInterfaceOrientationLandscapeRight";
				LD_RUNPATH_SEARCH_PATHS = (
					"$(inherited)",
					"@executable_path/Frameworks",
				);
				MARKETING_VERSION = 1.0;
				PRODUCT_BUNDLE_IDENTIFIER = "mx.tec.semana-tec";
				PRODUCT_NAME = "$(TARGET_NAME)";
				SWIFT_EMIT_LOC_STRINGS = YES;
				SWIFT_VERSION = 5.0;
				TARGETED_DEVICE_FAMILY = "1,2";
			};
			name = Debug;
		};
		FB13A8D32BAA00CA0086365F /* Release */ = {
			isa = XCBuildConfiguration;
			buildSettings = {
				ASSETCATALOG_COMPILER_APPICON_NAME = AppIcon;
				ASSETCATALOG_COMPILER_GLOBAL_ACCENT_COLOR_NAME = AccentColor;
				CODE_SIGN_STYLE = Automatic;
				CURRENT_PROJECT_VERSION = 1;
				DEVELOPMENT_ASSET_PATHS = "\"semana-tec/Preview Content\"";
				ENABLE_PREVIEWS = YES;
				GENERATE_INFOPLIST_FILE = YES;
				INFOPLIST_KEY_UIApplicationSceneManifest_Generation = YES;
				INFOPLIST_KEY_UIApplicationSupportsIndirectInputEvents = YES;
				INFOPLIST_KEY_UILaunchScreen_Generation = YES;
				INFOPLIST_KEY_UISupportedInterfaceOrientations_iPad = "UIInterfaceOrientationPortrait UIInterfaceOrientationPortraitUpsideDown UIInterfaceOrientationLandscapeLeft UIInterfaceOrientationLandscapeRight";
				INFOPLIST_KEY_UISupportedInterfaceOrientations_iPhone = "UIInterfaceOrientationPortrait UIInterfaceOrientationLandscapeLeft UIInterfaceOrientationLandscapeRight";
				LD_RUNPATH_SEARCH_PATHS = (
					"$(inherited)",
					"@executable_path/Frameworks",
				);
				MARKETING_VERSION = 1.0;
				PRODUCT_BUNDLE_IDENTIFIER = "mx.tec.semana-tec";
				PRODUCT_NAME = "$(TARGET_NAME)";
				SWIFT_EMIT_LOC_STRINGS = YES;
				SWIFT_VERSION = 5.0;
				TARGETED_DEVICE_FAMILY = "1,2";
			};
			name = Release;
		};
/* End XCBuildConfiguration section */

/* Begin XCConfigurationList section */
		FB13A8BE2BAA00C70086365F /* Build configuration list for PBXProject "semana-tec" */ = {
			isa = XCConfigurationList;
			buildConfigurations = (
				FB13A8CF2BAA00CA0086365F /* Debug */,
				FB13A8D02BAA00CA0086365F /* Release */,
			);
			defaultConfigurationIsVisible = 0;
			defaultConfigurationName = Release;
		};
		FB13A8D12BAA00CA0086365F /* Build configuration list for PBXNativeTarget "semana-tec" */ = {
			isa = XCConfigurationList;
			buildConfigurations = (
				FB13A8D22BAA00CA0086365F /* Debug */,
				FB13A8D32BAA00CA0086365F /* Release */,
			);
			defaultConfigurationIsVisible = 0;
			defaultConfigurationName = Release;
		};
/* End XCConfigurationList section */

/* Begin XCRemoteSwiftPackageReference section */
		FBBA2EEE2BACACBC001455B1 /* XCRemoteSwiftPackageReference "ChartView" */ = {
			isa = XCRemoteSwiftPackageReference;
			repositoryURL = "https://github.com/AppPear/ChartView.git";
			requirement = {
				kind = upToNextMajorVersion;
				minimumVersion = 1.5.5;
			};
		};
/* End XCRemoteSwiftPackageReference section */

/* Begin XCSwiftPackageProductDependency section */
		FBBA2EEF2BACACBC001455B1 /* SwiftUICharts */ = {
			isa = XCSwiftPackageProductDependency;
			package = FBBA2EEE2BACACBC001455B1 /* XCRemoteSwiftPackageReference "ChartView" */;
			productName = SwiftUICharts;
		};
/* End XCSwiftPackageProductDependency section */
	};
	rootObject = FB13A8BB2BAA00C70086365F /* Project object */;
}
